Microsoft Visual Studio Solution File, Format Version 12.00
# Visual Studio 14
VisualStudioVersion = 14.0.25420.1
MinimumVisualStudioVersion = 10.0.40219.1
Project("{FAE04EC0-301F-11D3-BF4B-00C04F79EFBC}") = "BLL", "BLL\BLL.csproj", "{38D7AA58-C95B-449B-86C6-A8073A56E11F}"
	ProjectSection(ProjectDependencies) = postProject
		{1C5B9ABB-BD68-4D80-ACD6-C3B990EB25E1} = {1C5B9ABB-BD68-4D80-ACD6-C3B990EB25E1}
	EndProjectSection
EndProject
Project("{FAE04EC0-301F-11D3-BF4B-00C04F79EFBC}") = "Model", "Model\Model.csproj", "{53995DBB-9836-4647-AD22-865884FDEB9E}"
EndProject
Project("{FAE04EC0-301F-11D3-BF4B-00C04F79EFBC}") = "DAL", "DAL\DAL.csproj", "{9FE00521-3A8B-42B1-814E-585E99407B2E}"
EndProject
Project("{FAE04EC0-301F-11D3-BF4B-00C04F79EFBC}") = "DBUtility", "DBUtility\DBUtility.csproj", "{0988C62E-247F-471F-A183-DB509C7A3839}"
EndProject
Project("{FAE04EC0-301F-11D3-BF4B-00C04F79EFBC}") = "WebApp", "WebApp\WebApp.csproj", "{68BF603B-F2AD-4D5F-839E-851C620D9CBD}"
EndProject
Project("{FAE04EC0-301F-11D3-BF4B-00C04F79EFBC}") = "Util", "Util\Util.csproj", "{1C5B9ABB-BD68-4D80-ACD6-C3B990EB25E1}"
EndProject
Global
	GlobalSection(SolutionConfigurationPlatforms) = preSolution
		Debug|.NET = Debug|.NET
		Debug|Any CPU = Debug|Any CPU
		Debug|Mixed Platforms = Debug|Mixed Platforms
		Release|.NET = Release|.NET
		Release|Any CPU = Release|Any CPU
		Release|Mixed Platforms = Release|Mixed Platforms
	EndGlobalSection
	GlobalSection(ProjectConfigurationPlatforms) = postSolution
		{38D7AA58-C95B-449B-86C6-A8073A56E11F}.Debug|.NET.ActiveCfg = Debug|Any CPU
		{38D7AA58-C95B-449B-86C6-A8073A56E11F}.Debug|Any CPU.ActiveCfg = Debug|Any CPU
		{38D7AA58-C95B-449B-86C6-A8073A56E11F}.Debug|Any CPU.Build.0 = Debug|Any CPU
		{38D7AA58-C95B-449B-86C6-A8073A56E11F}.Debug|Mixed Platforms.ActiveCfg = Debug|Any CPU
		{38D7AA58-C95B-449B-86C6-A8073A56E11F}.Debug|Mixed Platforms.Build.0 = Debug|Any CPU
		{38D7AA58-C95B-449B-86C6-A8073A56E11F}.Release|.NET.ActiveCfg = Release|Any CPU
		{38D7AA58-C95B-449B-86C6-A8073A56E11F}.Release|Any CPU.ActiveCfg = Release|Any CPU
		{38D7AA58-C95B-449B-86C6-A8073A56E11F}.Release|Any CPU.Build.0 = Release|Any CPU
		{38D7AA58-C95B-449B-86C6-A8073A56E11F}.Release|Mixed Platforms.ActiveCfg = Release|Any CPU
		{38D7AA58-C95B-449B-86C6-A8073A56E11F}.Release|Mixed Platforms.Build.0 = Release|Any CPU
		{53995DBB-9836-4647-AD22-865884FDEB9E}.Debug|.NET.ActiveCfg = Debug|Any CPU
		{53995DBB-9836-4647-AD22-865884FDEB9E}.Debug|Any CPU.ActiveCfg = Debug|Any CPU
		{53995DBB-9836-4647-AD22-865884FDEB9E}.Debug|Any CPU.Build.0 = Debug|Any CPU
		{53995DBB-9836-4647-AD22-865884FDEB9E}.Debug|Mixed Platforms.ActiveCfg = Debug|Any CPU
		{53995DBB-9836-4647-AD22-865884FDEB9E}.Debug|Mixed Platforms.Build.0 = Debug|Any CPU
		{53995DBB-9836-4647-AD22-865884FDEB9E}.Release|.NET.ActiveCfg = Release|Any CPU
		{53995DBB-9836-4647-AD22-865884FDEB9E}.Release|Any CPU.ActiveCfg = Release|Any CPU
		{53995DBB-9836-4647-AD22-865884FDEB9E}.Release|Any CPU.Build.0 = Release|Any CPU
		{53995DBB-9836-4647-AD22-865884FDEB9E}.Release|Mixed Platforms.ActiveCfg = Release|Any CPU
		{53995DBB-9836-4647-AD22-865884FDEB9E}.Release|Mixed Platforms.Build.0 = Release|Any CPU
		{9FE00521-3A8B-42B1-814E-585E99407B2E}.Debug|.NET.ActiveCfg = Debug|Any CPU
		{9FE00521-3A8B-42B1-814E-585E99407B2E}.Debug|Any CPU.ActiveCfg = Debug|Any CPU
		{9FE00521-3A8B-42B1-814E-585E99407B2E}.Debug|Any CPU.Build.0 = Debug|Any CPU
		{9FE00521-3A8B-42B1-814E-585E99407B2E}.Debug|Mixed Platforms.ActiveCfg = Debug|Any CPU
		{9FE00521-3A8B-42B1-814E-585E99407B2E}.Debug|Mixed Platforms.Build.0 = Debug|Any CPU
		{9FE00521-3A8B-42B1-814E-585E99407B2E}.Release|.NET.ActiveCfg = Release|Any CPU
		{9FE00521-3A8B-42B1-814E-585E99407B2E}.Release|Any CPU.ActiveCfg = Release|Any CPU
		{9FE00521-3A8B-42B1-814E-585E99407B2E}.Release|Any CPU.Build.0 = Release|Any CPU
		{9FE00521-3A8B-42B1-814E-585E99407B2E}.Release|Mixed Platforms.ActiveCfg = Release|Any CPU
		{9FE00521-3A8B-42B1-814E-585E99407B2E}.Release|Mixed Platforms.Build.0 = Release|Any CPU
		{0988C62E-247F-471F-A183-DB509C7A3839}.Debug|.NET.ActiveCfg = Debug|Any CPU
		{0988C62E-247F-471F-A183-DB509C7A3839}.Debug|Any CPU.ActiveCfg = Debug|Any CPU
		{0988C62E-247F-471F-A183-DB509C7A3839}.Debug|Any CPU.Build.0 = Debug|Any CPU
		{0988C62E-247F-471F-A183-DB509C7A3839}.Debug|Mixed Platforms.ActiveCfg = Debug|Any CPU
		{0988C62E-247F-471F-A183-DB509C7A3839}.Debug|Mixed Platforms.Build.0 = Debug|Any CPU
		{0988C62E-247F-471F-A183-DB509C7A3839}.Release|.NET.ActiveCfg = Release|Any CPU
		{0988C62E-247F-471F-A183-DB509C7A3839}.Release|Any CPU.ActiveCfg = Release|Any CPU
		{0988C62E-247F-471F-A183-DB509C7A3839}.Release|Any CPU.Build.0 = Release|Any CPU
		{0988C62E-247F-471F-A183-DB509C7A3839}.Release|Mixed Platforms.ActiveCfg = Release|Any CPU
		{0988C62E-247F-471F-A183-DB509C7A3839}.Release|Mixed Platforms.Build.0 = Release|Any CPU
		{68BF603B-F2AD-4D5F-839E-851C620D9CBD}.Debug|.NET.ActiveCfg = Debug|Any CPU
		{68BF603B-F2AD-4D5F-839E-851C620D9CBD}.Debug|.NET.Build.0 = Debug|Any CPU
		{68BF603B-F2AD-4D5F-839E-851C620D9CBD}.Debug|Any CPU.ActiveCfg = Debug|Any CPU
		{68BF603B-F2AD-4D5F-839E-851C620D9CBD}.Debug|Any CPU.Build.0 = Debug|Any CPU
		{68BF603B-F2AD-4D5F-839E-851C620D9CBD}.Debug|Mixed Platforms.ActiveCfg = Debug|Any CPU
		{68BF603B-F2AD-4D5F-839E-851C620D9CBD}.Debug|Mixed Platforms.Build.0 = Debug|Any CPU
		{68BF603B-F2AD-4D5F-839E-851C620D9CBD}.Release|.NET.ActiveCfg = Release|Any CPU
		{68BF603B-F2AD-4D5F-839E-851C620D9CBD}.Release|.NET.Build.0 = Release|Any CPU
		{68BF603B-F2AD-4D5F-839E-851C620D9CBD}.Release|Any CPU.ActiveCfg = Release|Any CPU
		{68BF603B-F2AD-4D5F-839E-851C620D9CBD}.Release|Any CPU.Build.0 = Release|Any CPU
		{68BF603B-F2AD-4D5F-839E-851C620D9CBD}.Release|Mixed Platforms.ActiveCfg = Release|Any CPU
		{68BF603B-F2AD-4D5F-839E-851C620D9CBD}.Release|Mixed Platforms.Build.0 = Release|Any CPU
		{1C5B9ABB-BD68-4D80-ACD6-C3B990EB25E1}.Debug|.NET.ActiveCfg = Debug|Any CPU
		{1C5B9ABB-BD68-4D80-ACD6-C3B990EB25E1}.Debug|.NET.Build.0 = Debug|Any CPU
		{1C5B9ABB-BD68-4D80-ACD6-C3B990EB25E1}.Debug|Any CPU.ActiveCfg = Debug|Any CPU
		{1C5B9ABB-BD68-4D80-ACD6-C3B990EB25E1}.Debug|Any CPU.Build.0 = Debug|Any CPU
		{1C5B9ABB-BD68-4D80-ACD6-C3B990EB25E1}.Debug|Mixed Platforms.ActiveCfg = Debug|Any CPU
		{1C5B9ABB-BD68-4D80-ACD6-C3B990EB25E1}.Debug|Mixed Platforms.Build.0 = Debug|Any CPU
		{1C5B9ABB-BD68-4D80-ACD6-C3B990EB25E1}.Release|.NET.ActiveCfg = Release|Any CPU
		{1C5B9ABB-BD68-4D80-ACD6-C3B990EB25E1}.Release|.NET.Build.0 = Release|Any CPU
		{1C5B9ABB-BD68-4D80-ACD6-C3B990EB25E1}.Release|Any CPU.ActiveCfg = Release|Any CPU
		{1C5B9ABB-BD68-4D80-ACD6-C3B990EB25E1}.Release|Any CPU.Build.0 = Release|Any CPU
		{1C5B9ABB-BD68-4D80-ACD6-C3B990EB25E1}.Release|Mixed Platforms.ActiveCfg = Release|Any CPU
		{1C5B9ABB-BD68-4D80-ACD6-C3B990EB25E1}.Release|Mixed Platforms.Build.0 = Release|Any CPU
	EndGlobalSection
	GlobalSection(SolutionProperties) = preSolution
		HideSolutionNode = FALSE
	EndGlobalSection
EndGlobal
